
Microsoft Visual Studio Solution File, Format Version 12.00
# Visual Studio Version 16
VisualStudioVersion = 16.0.31624.102
MinimumVisualStudioVersion = 10.0.40219.1
Project("{FAE04EC0-301F-11D3-BF4B-00C04F79EFBC}") = "BookStore1", "BookStore1\BookStore1.csproj", "{2FBEC419-BC40-4D4C-80CD-C6C54D34631B}"
EndProject
Global
	GlobalSection(SolutionConfigurationPlatforms) = preSolution
		Debug|Any CPU = Debug|Any CPU
		Release|Any CPU = Release|Any CPU
	EndGlobalSection
	GlobalSection(ProjectConfigurationPlatforms) = postSolution
		{2FBEC419-BC40-4D4C-80CD-C6C54D34631B}.Debug|Any CPU.ActiveCfg = Debug|Any CPU
		{2FBEC419-BC40-4D4C-80CD-C6C54D34631B}.Debug|Any CPU.Build.0 = Debug|Any CPU
		{2FBEC419-BC40-4D4C-80CD-C6C54D34631B}.Release|Any CPU.ActiveCfg = Release|Any CPU
		{2FBEC419-BC40-4D4C-80CD-C6C54D34631B}.Release|Any CPU.Build.0 = Release|Any CPU
	EndGlobalSection
	GlobalSection(SolutionProperties) = preSolution
		HideSolutionNode = FALSE
	EndGlobalSection
	GlobalSection(ExtensibilityGlobals) = postSolution
		SolutionGuid = {42D3C783-B075-4E39-928C-0F2EEF089F18}
	EndGlobalSection
EndGlobal
